
Microsoft Visual Studio Solution File, Format Version 12.00
# Visual Studio Version 16
VisualStudioVersion = 16.0.31624.102
MinimumVisualStudioVersion = 10.0.40219.1
Project("{FAE04EC0-301F-11D3-BF4B-00C04F79EFBC}") = "ContainerVervoer.Logic", "ContainerVervoer.Logic\ContainerVervoer.Logic.csproj", "{86841605-3479-4F80-A4A5-2A7CBEDE4E8E}"
EndProject
Project("{FAE04EC0-301F-11D3-BF4B-00C04F79EFBC}") = "ContainerVervoer.Presentation", "ContainerVervoer.Presentation\ContainerVervoer.Presentation.csproj", "{F2440DBF-6397-429B-AEC8-A740797C66C4}"
EndProject
Project("{FAE04EC0-301F-11D3-BF4B-00C04F79EFBC}") = "ContainerVervoer.Tests", "ContainerVervoer.Tests\ContainerVervoer.Tests.csproj", "{DDB10648-58C2-41D7-8A61-48EE12A41707}"
EndProject
Global
	GlobalSection(SolutionConfigurationPlatforms) = preSolution
		Debug|Any CPU = Debug|Any CPU
		Release|Any CPU = Release|Any CPU
	EndGlobalSection
	GlobalSection(ProjectConfigurationPlatforms) = postSolution
		{86841605-3479-4F80-A4A5-2A7CBEDE4E8E}.Debug|Any CPU.ActiveCfg = Debug|Any CPU
		{86841605-3479-4F80-A4A5-2A7CBEDE4E8E}.Debug|Any CPU.Build.0 = Debug|Any CPU
		{86841605-3479-4F80-A4A5-2A7CBEDE4E8E}.Release|Any CPU.ActiveCfg = Release|Any CPU
		{86841605-3479-4F80-A4A5-2A7CBEDE4E8E}.Release|Any CPU.Build.0 = Release|Any CPU
		{F2440DBF-6397-429B-AEC8-A740797C66C4}.Debug|Any CPU.ActiveCfg = Debug|Any CPU
		{F2440DBF-6397-429B-AEC8-A740797C66C4}.Debug|Any CPU.Build.0 = Debug|Any CPU
		{F2440DBF-6397-429B-AEC8-A740797C66C4}.Release|Any CPU.ActiveCfg = Release|Any CPU
		{F2440DBF-6397-429B-AEC8-A740797C66C4}.Release|Any CPU.Build.0 = Release|Any CPU
		{DDB10648-58C2-41D7-8A61-48EE12A41707}.Debug|Any CPU.ActiveCfg = Debug|Any CPU
		{DDB10648-58C2-41D7-8A61-48EE12A41707}.Debug|Any CPU.Build.0 = Debug|Any CPU
		{DDB10648-58C2-41D7-8A61-48EE12A41707}.Release|Any CPU.ActiveCfg = Release|Any CPU
		{DDB10648-58C2-41D7-8A61-48EE12A41707}.Release|Any CPU.Build.0 = Release|Any CPU
	EndGlobalSection
	GlobalSection(SolutionProperties) = preSolution
		HideSolutionNode = FALSE
	EndGlobalSection
	GlobalSection(ExtensibilityGlobals) = postSolution
		SolutionGuid = {D059830C-E13D-491F-8436-32A67EC43101}
	EndGlobalSection
EndGlobal
